// !$*UTF8*$!
{
	archiveVersion = 1;
	classes = {
	};
	objectVersion = 50;
	objects = {

/* Begin PBXBuildFile section */
		8019B8C6256F0567001E976C /* Appetizer.swift in Sources */ = {isa = PBXBuildFile; fileRef = 8019B8C5256F0567001E976C /* Appetizer.swift */; };
		8019B8C9256F2317001E976C /* AppetizerListCell.swift in Sources */ = {isa = PBXBuildFile; fileRef = 8019B8C8256F2317001E976C /* AppetizerListCell.swift */; };
		8019B8CC25747A22001E976C /* NetworkManager.swift in Sources */ = {isa = PBXBuildFile; fileRef = 8019B8CB25747A22001E976C /* NetworkManager.swift */; };
		8019B8CF25747B04001E976C /* FDError.swift in Sources */ = {isa = PBXBuildFile; fileRef = 8019B8CE25747B04001E976C /* FDError.swift */; };
		801DB84F2565F71000CEAF0D /* Food_DeckApp.swift in Sources */ = {isa = PBXBuildFile; fileRef = 801DB84E2565F71000CEAF0D /* Food_DeckApp.swift */; };
		801DB8512565F71000CEAF0D /* AppetizerTabView.swift in Sources */ = {isa = PBXBuildFile; fileRef = 801DB8502565F71000CEAF0D /* AppetizerTabView.swift */; };
		801DB8532565F71600CEAF0D /* Assets.xcassets in Resources */ = {isa = PBXBuildFile; fileRef = 801DB8522565F71600CEAF0D /* Assets.xcassets */; };
		801DB8562565F71600CEAF0D /* Preview Assets.xcassets in Resources */ = {isa = PBXBuildFile; fileRef = 801DB8552565F71600CEAF0D /* Preview Assets.xcassets */; };
		801DB85F2565FFE600CEAF0D /* AppetizerListView.swift in Sources */ = {isa = PBXBuildFile; fileRef = 801DB85E2565FFE600CEAF0D /* AppetizerListView.swift */; };
		801DB8622565FFF500CEAF0D /* AccountView.swift in Sources */ = {isa = PBXBuildFile; fileRef = 801DB8612565FFF500CEAF0D /* AccountView.swift */; };
		801DB8652566000000CEAF0D /* OrderView.swift in Sources */ = {isa = PBXBuildFile; fileRef = 801DB8642566000000CEAF0D /* OrderView.swift */; };
		80966C4C257ACD8E0083DC86 /* AppetizerListViewModel.swift in Sources */ = {isa = PBXBuildFile; fileRef = 80966C4B257ACD8E0083DC86 /* AppetizerListViewModel.swift */; };
		80966C50257AD0390083DC86 /* Alert.swift in Sources */ = {isa = PBXBuildFile; fileRef = 80966C4F257AD0390083DC86 /* Alert.swift */; };
/* End PBXBuildFile section */

/* Begin PBXFileReference section */
		8019B8C5256F0567001E976C /* Appetizer.swift */ = {isa = PBXFileReference; lastKnownFileType = sourcecode.swift; path = Appetizer.swift; sourceTree = "<group>"; };
		8019B8C8256F2317001E976C /* AppetizerListCell.swift */ = {isa = PBXFileReference; lastKnownFileType = sourcecode.swift; path = AppetizerListCell.swift; sourceTree = "<group>"; };
		8019B8CB25747A22001E976C /* NetworkManager.swift */ = {isa = PBXFileReference; lastKnownFileType = sourcecode.swift; path = NetworkManager.swift; sourceTree = "<group>"; };
		8019B8CE25747B04001E976C /* FDError.swift */ = {isa = PBXFileReference; lastKnownFileType = sourcecode.swift; path = FDError.swift; sourceTree = "<group>"; };
		801DB84B2565F71000CEAF0D /* Food Deck.app */ = {isa = PBXFileReference; explicitFileType = wrapper.application; includeInIndex = 0; path = "Food Deck.app"; sourceTree = BUILT_PRODUCTS_DIR; };
		801DB84E2565F71000CEAF0D /* Food_DeckApp.swift */ = {isa = PBXFileReference; lastKnownFileType = sourcecode.swift; path = Food_DeckApp.swift; sourceTree = "<group>"; };
		801DB8502565F71000CEAF0D /* AppetizerTabView.swift */ = {isa = PBXFileReference; lastKnownFileType = sourcecode.swift; path = AppetizerTabView.swift; sourceTree = "<group>"; };
		801DB8522565F71600CEAF0D /* Assets.xcassets */ = {isa = PBXFileReference; lastKnownFileType = folder.assetcatalog; path = Assets.xcassets; sourceTree = "<group>"; };
		801DB8552565F71600CEAF0D /* Preview Assets.xcassets */ = {isa = PBXFileReference; lastKnownFileType = folder.assetcatalog; path = "Preview Assets.xcassets"; sourceTree = "<group>"; };
		801DB8572565F71600CEAF0D /* Info.plist */ = {isa = PBXFileReference; lastKnownFileType = text.plist.xml; path = Info.plist; sourceTree = "<group>"; };
		801DB85E2565FFE600CEAF0D /* AppetizerListView.swift */ = {isa = PBXFileReference; lastKnownFileType = sourcecode.swift; path = AppetizerListView.swift; sourceTree = "<group>"; };
		801DB8612565FFF500CEAF0D /* AccountView.swift */ = {isa = PBXFileReference; lastKnownFileType = sourcecode.swift; path = AccountView.swift; sourceTree = "<group>"; };
		801DB8642566000000CEAF0D /* OrderView.swift */ = {isa = PBXFileReference; lastKnownFileType = sourcecode.swift; path = OrderView.swift; sourceTree = "<group>"; };
		80966C4B257ACD8E0083DC86 /* AppetizerListViewModel.swift */ = {isa = PBXFileReference; lastKnownFileType = sourcecode.swift; path = AppetizerListViewModel.swift; sourceTree = "<group>"; };
		80966C4F257AD0390083DC86 /* Alert.swift */ = {isa = PBXFileReference; lastKnownFileType = sourcecode.swift; path = Alert.swift; sourceTree = "<group>"; };
/* End PBXFileReference section */

/* Begin PBXFrameworksBuildPhase section */
		801DB8482565F71000CEAF0D /* Frameworks */ = {
			isa = PBXFrameworksBuildPhase;
			buildActionMask = 2147483647;
			files = (
			);
			runOnlyForDeploymentPostprocessing = 0;
		};
/* End PBXFrameworksBuildPhase section */

/* Begin PBXGroup section */
		801DB8422565F70F00CEAF0D = {
			isa = PBXGroup;
			children = (
				801DB84D2565F71000CEAF0D /* Food Deck */,
				801DB84C2565F71000CEAF0D /* Products */,
			);
			sourceTree = "<group>";
		};
		801DB84C2565F71000CEAF0D /* Products */ = {
			isa = PBXGroup;
			children = (
				801DB84B2565F71000CEAF0D /* Food Deck.app */,
			);
			name = Products;
			sourceTree = "<group>";
		};
		801DB84D2565F71000CEAF0D /* Food Deck */ = {
			isa = PBXGroup;
			children = (
				801DB84E2565F71000CEAF0D /* Food_DeckApp.swift */,
				801DB8502565F71000CEAF0D /* AppetizerTabView.swift */,
				801DB8522565F71600CEAF0D /* Assets.xcassets */,
				801DB8572565F71600CEAF0D /* Info.plist */,
				801DB8542565F71600CEAF0D /* Preview Content */,
				801DB85E2565FFE600CEAF0D /* AppetizerListView.swift */,
				801DB8612565FFF500CEAF0D /* AccountView.swift */,
				801DB8642566000000CEAF0D /* OrderView.swift */,
				8019B8C5256F0567001E976C /* Appetizer.swift */,
				8019B8C8256F2317001E976C /* AppetizerListCell.swift */,
				8019B8CB25747A22001E976C /* NetworkManager.swift */,
				8019B8CE25747B04001E976C /* FDError.swift */,
				80966C4B257ACD8E0083DC86 /* AppetizerListViewModel.swift */,
				80966C4F257AD0390083DC86 /* Alert.swift */,
			);
			path = "Food Deck";
			sourceTree = "<group>";
		};
		801DB8542565F71600CEAF0D /* Preview Content */ = {
			isa = PBXGroup;
			children = (
				801DB8552565F71600CEAF0D /* Preview Assets.xcassets */,
			);
			path = "Preview Content";
			sourceTree = "<group>";
		};
/* End PBXGroup section */

/* Begin PBXNativeTarget section */
		801DB84A2565F71000CEAF0D /* Food Deck */ = {
			isa = PBXNativeTarget;
			buildConfigurationList = 801DB85A2565F71600CEAF0D /* Build configuration list for PBXNativeTarget "Food Deck" */;
			buildPhases = (
				801DB8472565F71000CEAF0D /* Sources */,
				801DB8482565F71000CEAF0D /* Frameworks */,
				801DB8492565F71000CEAF0D /* Resources */,
			);
			buildRules = (
			);
			dependencies = (
			);
			name = "Food Deck";
			productName = "Food Deck";
			productReference = 801DB84B2565F71000CEAF0D /* Food Deck.app */;
			productType = "com.apple.product-type.application";
		};
/* End PBXNativeTarget section */

/* Begin PBXProject section */
		801DB8432565F70F00CEAF0D /* Project object */ = {
			isa = PBXProject;
			attributes = {
				LastSwiftUpdateCheck = 1220;
				LastUpgradeCheck = 1220;
				TargetAttributes = {
					801DB84A2565F71000CEAF0D = {
						CreatedOnToolsVersion = 12.2;
					};
				};
			};
			buildConfigurationList = 801DB8462565F70F00CEAF0D /* Build configuration list for PBXProject "Food Deck" */;
			compatibilityVersion = "Xcode 9.3";
			developmentRegion = en;
			hasScannedForEncodings = 0;
			knownRegions = (
				en,
				Base,
			);
			mainGroup = 801DB8422565F70F00CEAF0D;
			productRefGroup = 801DB84C2565F71000CEAF0D /* Products */;
			projectDirPath = "";
			projectRoot = "";
			targets = (
				801DB84A2565F71000CEAF0D /* Food Deck */,
			);
		};
/* End PBXProject section */

/* Begin PBXResourcesBuildPhase section */
		801DB8492565F71000CEAF0D /* Resources */ = {
			isa = PBXResourcesBuildPhase;
			buildActionMask = 2147483647;
			files = (
				801DB8562565F71600CEAF0D /* Preview Assets.xcassets in Resources */,
				801DB8532565F71600CEAF0D /* Assets.xcassets in Resources */,
			);
			runOnlyForDeploymentPostprocessing = 0;
		};
/* End PBXResourcesBuildPhase section */

/* Begin PBXSourcesBuildPhase section */
		801DB8472565F71000CEAF0D /* Sources */ = {
			isa = PBXSourcesBuildPhase;
			buildActionMask = 2147483647;
			files = (
				8019B8C6256F0567001E976C /* Appetizer.swift in Sources */,
				8019B8C9256F2317001E976C /* AppetizerListCell.swift in Sources */,
				8019B8CF25747B04001E976C /* FDError.swift in Sources */,
				80966C4C257ACD8E0083DC86 /* AppetizerListViewModel.swift in Sources */,
				801DB8622565FFF500CEAF0D /* AccountView.swift in Sources */,
				801DB8512565F71000CEAF0D /* AppetizerTabView.swift in Sources */,
				8019B8CC25747A22001E976C /* NetworkManager.swift in Sources */,
				801DB84F2565F71000CEAF0D /* Food_DeckApp.swift in Sources */,
				80966C50257AD0390083DC86 /* Alert.swift in Sources */,
				801DB85F2565FFE600CEAF0D /* AppetizerListView.swift in Sources */,
				801DB8652566000000CEAF0D /* OrderView.swift in Sources */,
			);
			runOnlyForDeploymentPostprocessing = 0;
		};
/* End PBXSourcesBuildPhase section */

/* Begin XCBuildConfiguration section */
		801DB8582565F71600CEAF0D /* Debug */ = {
			isa = XCBuildConfiguration;
			buildSettings = {
				ALWAYS_SEARCH_USER_PATHS = NO;
				CLANG_ANALYZER_NONNULL = YES;
				CLANG_ANALYZER_NUMBER_OBJECT_CONVERSION = YES_AGGRESSIVE;
				CLANG_CXX_LANGUAGE_STANDARD = "gnu++14";
				CLANG_CXX_LIBRARY = "libc++";
				CLANG_ENABLE_MODULES = YES;
				CLANG_ENABLE_OBJC_ARC = YES;
				CLANG_ENABLE_OBJC_WEAK = YES;
				CLANG_WARN_BLOCK_CAPTURE_AUTORELEASING = YES;
				CLANG_WARN_BOOL_CONVERSION = YES;
				CLANG_WARN_COMMA = YES;
				CLANG_WARN_CONSTANT_CONVERSION = YES;
				CLANG_WARN_DEPRECATED_OBJC_IMPLEMENTATIONS = YES;
				CLANG_WARN_DIRECT_OBJC_ISA_USAGE = YES_ERROR;
				CLANG_WARN_DOCUMENTATION_COMMENTS = YES;
				CLANG_WARN_EMPTY_BODY = YES;
				CLANG_WARN_ENUM_CONVERSION = YES;
				CLANG_WARN_INFINITE_RECURSION = YES;
				CLANG_WARN_INT_CONVERSION = YES;
				CLANG_WARN_NON_LITERAL_NULL_CONVERSION = YES;
				CLANG_WARN_OBJC_IMPLICIT_RETAIN_SELF = YES;
				CLANG_WARN_OBJC_LITERAL_CONVERSION = YES;
				CLANG_WARN_OBJC_ROOT_CLASS = YES_ERROR;
				CLANG_WARN_QUOTED_INCLUDE_IN_FRAMEWORK_HEADER = YES;
				CLANG_WARN_RANGE_LOOP_ANALYSIS = YES;
				CLANG_WARN_STRICT_PROTOTYPES = YES;
				CLANG_WARN_SUSPICIOUS_MOVE = YES;
				CLANG_WARN_UNGUARDED_AVAILABILITY = YES_AGGRESSIVE;
				CLANG_WARN_UNREACHABLE_CODE = YES;
				CLANG_WARN__DUPLICATE_METHOD_MATCH = YES;
				COPY_PHASE_STRIP = NO;
				DEBUG_INFORMATION_FORMAT = dwarf;
				ENABLE_STRICT_OBJC_MSGSEND = YES;
				ENABLE_TESTABILITY = YES;
				GCC_C_LANGUAGE_STANDARD = gnu11;
				GCC_DYNAMIC_NO_PIC = NO;
				GCC_NO_COMMON_BLOCKS = YES;
				GCC_OPTIMIZATION_LEVEL = 0;
				GCC_PREPROCESSOR_DEFINITIONS = (
					"DEBUG=1",
					"$(inherited)",
				);
				GCC_WARN_64_TO_32_BIT_CONVERSION = YES;
				GCC_WARN_ABOUT_RETURN_TYPE = YES_ERROR;
				GCC_WARN_UNDECLARED_SELECTOR = YES;
				GCC_WARN_UNINITIALIZED_AUTOS = YES_AGGRESSIVE;
				GCC_WARN_UNUSED_FUNCTION = YES;
				GCC_WARN_UNUSED_VARIABLE = YES;
				IPHONEOS_DEPLOYMENT_TARGET = 14.2;
				MTL_ENABLE_DEBUG_INFO = INCLUDE_SOURCE;
				MTL_FAST_MATH = YES;
				ONLY_ACTIVE_ARCH = YES;
				SDKROOT = iphoneos;
				SWIFT_ACTIVE_COMPILATION_CONDITIONS = DEBUG;
				SWIFT_OPTIMIZATION_LEVEL = "-Onone";
			};
			name = Debug;
		};
		801DB8592565F71600CEAF0D /* Release */ = {
			isa = XCBuildConfiguration;
			buildSettings = {
				ALWAYS_SEARCH_USER_PATHS = NO;
				CLANG_ANALYZER_NONNULL = YES;
				CLANG_ANALYZER_NUMBER_OBJECT_CONVERSION = YES_AGGRESSIVE;
				CLANG_CXX_LANGUAGE_STANDARD = "gnu++14";
				CLANG_CXX_LIBRARY = "libc++";
				CLANG_ENABLE_MODULES = YES;
				CLANG_ENABLE_OBJC_ARC = YES;
				CLANG_ENABLE_OBJC_WEAK = YES;
				CLANG_WARN_BLOCK_CAPTURE_AUTORELEASING = YES;
				CLANG_WARN_BOOL_CONVERSION = YES;
				CLANG_WARN_COMMA = YES;
				CLANG_WARN_CONSTANT_CONVERSION = YES;
				CLANG_WARN_DEPRECATED_OBJC_IMPLEMENTATIONS = YES;
				CLANG_WARN_DIRECT_OBJC_ISA_USAGE = YES_ERROR;
				CLANG_WARN_DOCUMENTATION_COMMENTS = YES;
				CLANG_WARN_EMPTY_BODY = YES;
				CLANG_WARN_ENUM_CONVERSION = YES;
				CLANG_WARN_INFINITE_RECURSION = YES;
				CLANG_WARN_INT_CONVERSION = YES;
				CLANG_WARN_NON_LITERAL_NULL_CONVERSION = YES;
				CLANG_WARN_OBJC_IMPLICIT_RETAIN_SELF = YES;
				CLANG_WARN_OBJC_LITERAL_CONVERSION = YES;
				CLANG_WARN_OBJC_ROOT_CLASS = YES_ERROR;
				CLANG_WARN_QUOTED_INCLUDE_IN_FRAMEWORK_HEADER = YES;
				CLANG_WARN_RANGE_LOOP_ANALYSIS = YES;
				CLANG_WARN_STRICT_PROTOTYPES = YES;
				CLANG_WARN_SUSPICIOUS_MOVE = YES;
				CLANG_WARN_UNGUARDED_AVAILABILITY = YES_AGGRESSIVE;
				CLANG_WARN_UNREACHABLE_CODE = YES;
				CLANG_WARN__DUPLICATE_METHOD_MATCH = YES;
				COPY_PHASE_STRIP = NO;
				DEBUG_INFORMATION_FORMAT = "dwarf-with-dsym";
				ENABLE_NS_ASSERTIONS = NO;
				ENABLE_STRICT_OBJC_MSGSEND = YES;
				GCC_C_LANGUAGE_STANDARD = gnu11;
				GCC_NO_COMMON_BLOCKS = YES;
				GCC_WARN_64_TO_32_BIT_CONVERSION = YES;
				GCC_WARN_ABOUT_RETURN_TYPE = YES_ERROR;
				GCC_WARN_UNDECLARED_SELECTOR = YES;
				GCC_WARN_UNINITIALIZED_AUTOS = YES_AGGRESSIVE;
				GCC_WARN_UNUSED_FUNCTION = YES;
				GCC_WARN_UNUSED_VARIABLE = YES;
				IPHONEOS_DEPLOYMENT_TARGET = 14.2;
				MTL_ENABLE_DEBUG_INFO = NO;
				MTL_FAST_MATH = YES;
				SDKROOT = iphoneos;
				SWIFT_COMPILATION_MODE = wholemodule;
				SWIFT_OPTIMIZATION_LEVEL = "-O";
				VALIDATE_PRODUCT = YES;
			};
			name = Release;
		};
		801DB85B2565F71600CEAF0D /* Debug */ = {
			isa = XCBuildConfiguration;
			buildSettings = {
				ASSETCATALOG_COMPILER_APPICON_NAME = AppIcon;
				ASSETCATALOG_COMPILER_GLOBAL_ACCENT_COLOR_NAME = AccentColor;
				CODE_SIGN_STYLE = Automatic;
				DEVELOPMENT_ASSET_PATHS = "\"Food Deck/Preview Content\"";
				DEVELOPMENT_TEAM = 5792949ZYF;
				ENABLE_PREVIEWS = YES;
				INFOPLIST_FILE = "Food Deck/Info.plist";
				IPHONEOS_DEPLOYMENT_TARGET = 14.0;
				LD_RUNPATH_SEARCH_PATHS = (
					"$(inherited)",
					"@executable_path/Frameworks",
				);
				PRODUCT_BUNDLE_IDENTIFIER = "com.jesseruiz.Food-Deck";
				PRODUCT_NAME = "$(TARGET_NAME)";
				SWIFT_VERSION = 5.0;
				TARGETED_DEVICE_FAMILY = "1,2";
			};
			name = Debug;
		};
		801DB85C2565F71600CEAF0D /* Release */ = {
			isa = XCBuildConfiguration;
			buildSettings = {
				ASSETCATALOG_COMPILER_APPICON_NAME = AppIcon;
				ASSETCATALOG_COMPILER_GLOBAL_ACCENT_COLOR_NAME = AccentColor;
				CODE_SIGN_STYLE = Automatic;
				DEVELOPMENT_ASSET_PATHS = "\"Food Deck/Preview Content\"";
				DEVELOPMENT_TEAM = 5792949ZYF;
				ENABLE_PREVIEWS = YES;
				INFOPLIST_FILE = "Food Deck/Info.plist";
				IPHONEOS_DEPLOYMENT_TARGET = 14.0;
				LD_RUNPATH_SEARCH_PATHS = (
					"$(inherited)",
					"@executable_path/Frameworks",
				);
				PRODUCT_BUNDLE_IDENTIFIER = "com.jesseruiz.Food-Deck";
				PRODUCT_NAME = "$(TARGET_NAME)";
				SWIFT_VERSION = 5.0;
				TARGETED_DEVICE_FAMILY = "1,2";
			};
			name = Release;
		};
/* End XCBuildConfiguration section */

/* Begin XCConfigurationList section */
		801DB8462565F70F00CEAF0D /* Build configuration list for PBXProject "Food Deck" */ = {
			isa = XCConfigurationList;
			buildConfigurations = (
				801DB8582565F71600CEAF0D /* Debug */,
				801DB8592565F71600CEAF0D /* Release */,
			);
			defaultConfigurationIsVisible = 0;
			defaultConfigurationName = Release;
		};
		801DB85A2565F71600CEAF0D /* Build configuration list for PBXNativeTarget "Food Deck" */ = {
			isa = XCConfigurationList;
			buildConfigurations = (
				801DB85B2565F71600CEAF0D /* Debug */,
				801DB85C2565F71600CEAF0D /* Release */,
			);
			defaultConfigurationIsVisible = 0;
			defaultConfigurationName = Release;
		};
/* End XCConfigurationList section */
	};
	rootObject = 801DB8432565F70F00CEAF0D /* Project object */;
}
